
Microsoft Visual Studio Solution File, Format Version 12.00
# Visual Studio Version 17
VisualStudioVersion = 17.14.36119.2
MinimumVisualStudioVersion = 10.0.40219.1
Project("{FAE04EC0-301F-11D3-BF4B-00C04F79EFBC}") = "MedicalAgentApp", "MedicalAgentApp.csproj", "{3629F4A7-E4F4-4B6A-81EF-4371967ABCCF}"
EndProject
Global
	GlobalSection(SolutionConfigurationPlatforms) = preSolution
		Debug|Any CPU = Debug|Any CPU
		Release|Any CPU = Release|Any CPU
	EndGlobalSection
	GlobalSection(ProjectConfigurationPlatforms) = postSolution
		{3629F4A7-E4F4-4B6A-81EF-4371967ABCCF}.Debug|Any CPU.ActiveCfg = Debug|Any CPU
		{3629F4A7-E4F4-4B6A-81EF-4371967ABCCF}.Debug|Any CPU.Build.0 = Debug|Any CPU
		{3629F4A7-E4F4-4B6A-81EF-4371967ABCCF}.Release|Any CPU.ActiveCfg = Release|Any CPU
		{3629F4A7-E4F4-4B6A-81EF-4371967ABCCF}.Release|Any CPU.Build.0 = Release|Any CPU
	EndGlobalSection
	GlobalSection(SolutionProperties) = preSolution
		HideSolutionNode = FALSE
	EndGlobalSection
	GlobalSection(ExtensibilityGlobals) = postSolution
		SolutionGuid = {2B74EA33-D6FF-41E3-86E2-DCE870FA341A}
	EndGlobalSection
EndGlobal
